<?xml version="1.0" encoding="utf-8"?>
<Project ToolsVersion="4.0" xmlns="http://schemas.microsoft.com/developer/msbuild/2003">
  <ItemGroup>
    <Filter Include="src">
      <UniqueIdentifier>{9b20a2a6-4735-4e5f-9ac3-713f839c48eb}</UniqueIdentifier>
    </Filter>
  </ItemGroup>
  <ItemGroup>
    <ClCompile Include="main.cpp">
      <Filter>src</Filter>
    </ClCompile>
    <ClCompile Include="timingWheel.cpp">
      <Filter>src</Filter>
    </ClCompile>
    <ClCompile Include="timerManager.cpp">
      <Filter>src</Filter>
    </ClCompile>
  </ItemGroup>
  <ItemGroup>
    <ClInclude Include="timingWheel.h">
      <Filter>src</Filter>
    </ClInclude>
    <ClInclude Include="timerManager.h">
      <Filter>src</Filter>
    </ClInclude>
  </ItemGroup>
</Project>